// !$*UTF8*$!
{
	archiveVersion = 1;
	classes = {
	};
	objectVersion = 55;
	objects = {

/* Begin PBXBuildFile section */
		0625B86F27EE4A8C0094A90F /* OTPViewController.swift in Sources */ = {isa = PBXBuildFile; fileRef = 0625B86E27EE4A8C0094A90F /* OTPViewController.swift */; };
		068A4F5A27E76ED2004EB61D /* AppDelegate.swift in Sources */ = {isa = PBXBuildFile; fileRef = 068A4F5927E76ED2004EB61D /* AppDelegate.swift */; };
		068A4F5C27E76ED2004EB61D /* SceneDelegate.swift in Sources */ = {isa = PBXBuildFile; fileRef = 068A4F5B27E76ED2004EB61D /* SceneDelegate.swift */; };
		068A4F5E27E76ED2004EB61D /* ViewController.swift in Sources */ = {isa = PBXBuildFile; fileRef = 068A4F5D27E76ED2004EB61D /* ViewController.swift */; };
		068A4F6127E76ED2004EB61D /* Main.storyboard in Resources */ = {isa = PBXBuildFile; fileRef = 068A4F5F27E76ED2004EB61D /* Main.storyboard */; };
		068A4F6327E76ED7004EB61D /* Assets.xcassets in Resources */ = {isa = PBXBuildFile; fileRef = 068A4F6227E76ED7004EB61D /* Assets.xcassets */; };
		068A4F6627E76ED7004EB61D /* LaunchScreen.storyboard in Resources */ = {isa = PBXBuildFile; fileRef = 068A4F6427E76ED7004EB61D /* LaunchScreen.storyboard */; };
		0694C61D27F475C700D663A3 /* OkayViewController.swift in Sources */ = {isa = PBXBuildFile; fileRef = 0694C61C27F475C700D663A3 /* OkayViewController.swift */; };
		069B75F9283391530026745A /* 2.jpg in Resources */ = {isa = PBXBuildFile; fileRef = 069B75F8283391530026745A /* 2.jpg */; };
		35CB9B622832657D0066D98B /* loginViewController.swift in Sources */ = {isa = PBXBuildFile; fileRef = 35CB9B612832657D0066D98B /* loginViewController.swift */; };
		35CB9B64283265BF0066D98B /* sendLocationVC.swift in Sources */ = {isa = PBXBuildFile; fileRef = 35CB9B63283265BF0066D98B /* sendLocationVC.swift */; };
		35CB9B66283266170066D98B /* admin_GroupVC.swift in Sources */ = {isa = PBXBuildFile; fileRef = 35CB9B65283266170066D98B /* admin_GroupVC.swift */; };
		4D1D7DAB284218C600656CFB /* MenuTableViewCell1.swift in Sources */ = {isa = PBXBuildFile; fileRef = 4D1D7DAA284218C600656CFB /* MenuTableViewCell1.swift */; };
		4D1D7DAD2842191E00656CFB /* ViewController4.swift in Sources */ = {isa = PBXBuildFile; fileRef = 4D1D7DAC2842191E00656CFB /* ViewController4.swift */; };
		4D446F4528364FB3003189C1 /* ProfileViewController1.swift in Sources */ = {isa = PBXBuildFile; fileRef = 4D446F4428364FB3003189C1 /* ProfileViewController1.swift */; };
		4DA18B262840C13D00C3AD59 /* SideMenu in Frameworks */ = {isa = PBXBuildFile; productRef = 4DA18B252840C13D00C3AD59 /* SideMenu */; };
		4DDA15D728350A0C00C6E506 /* SideMenuTableController1.swift in Sources */ = {isa = PBXBuildFile; fileRef = 4DDA15D628350A0C00C6E506 /* SideMenuTableController1.swift */; };
		E8C262282833AE1800C28D8B /* contactsTvViewController.swift in Sources */ = {isa = PBXBuildFile; fileRef = E8C262272833AE1800C28D8B /* contactsTvViewController.swift */; };
		E8C2622A2833B02000C28D8B /* customTableViewCell.swift in Sources */ = {isa = PBXBuildFile; fileRef = E8C262292833B02000C28D8B /* customTableViewCell.swift */; };
/* End PBXBuildFile section */

/* Begin PBXFileReference section */
		0625B86E27EE4A8C0094A90F /* OTPViewController.swift */ = {isa = PBXFileReference; lastKnownFileType = sourcecode.swift; path = OTPViewController.swift; sourceTree = "<group>"; };
		068A4F5627E76ED2004EB61D /* AlertEm.app */ = {isa = PBXFileReference; explicitFileType = wrapper.application; includeInIndex = 0; path = AlertEm.app; sourceTree = BUILT_PRODUCTS_DIR; };
		068A4F5927E76ED2004EB61D /* AppDelegate.swift */ = {isa = PBXFileReference; lastKnownFileType = sourcecode.swift; path = AppDelegate.swift; sourceTree = "<group>"; };
		068A4F5B27E76ED2004EB61D /* SceneDelegate.swift */ = {isa = PBXFileReference; lastKnownFileType = sourcecode.swift; path = SceneDelegate.swift; sourceTree = "<group>"; };
		068A4F5D27E76ED2004EB61D /* ViewController.swift */ = {isa = PBXFileReference; lastKnownFileType = sourcecode.swift; path = ViewController.swift; sourceTree = "<group>"; };
		068A4F6027E76ED2004EB61D /* Base */ = {isa = PBXFileReference; lastKnownFileType = file.storyboard; name = Base; path = Base.lproj/Main.storyboard; sourceTree = "<group>"; };
		068A4F6227E76ED7004EB61D /* Assets.xcassets */ = {isa = PBXFileReference; lastKnownFileType = folder.assetcatalog; path = Assets.xcassets; sourceTree = "<group>"; };
		068A4F6527E76ED7004EB61D /* Base */ = {isa = PBXFileReference; lastKnownFileType = file.storyboard; name = Base; path = Base.lproj/LaunchScreen.storyboard; sourceTree = "<group>"; };
		068A4F6727E76ED7004EB61D /* Info.plist */ = {isa = PBXFileReference; lastKnownFileType = text.plist.xml; path = Info.plist; sourceTree = "<group>"; };
		0694C61C27F475C700D663A3 /* OkayViewController.swift */ = {isa = PBXFileReference; lastKnownFileType = sourcecode.swift; path = OkayViewController.swift; sourceTree = "<group>"; };
		069B75F8283391530026745A /* 2.jpg */ = {isa = PBXFileReference; lastKnownFileType = image.jpeg; path = 2.jpg; sourceTree = "<group>"; };
		35CB9B612832657D0066D98B /* loginViewController.swift */ = {isa = PBXFileReference; lastKnownFileType = sourcecode.swift; path = loginViewController.swift; sourceTree = "<group>"; };
		35CB9B63283265BF0066D98B /* sendLocationVC.swift */ = {isa = PBXFileReference; lastKnownFileType = sourcecode.swift; path = sendLocationVC.swift; sourceTree = "<group>"; };
		35CB9B65283266170066D98B /* admin_GroupVC.swift */ = {isa = PBXFileReference; lastKnownFileType = sourcecode.swift; path = admin_GroupVC.swift; sourceTree = "<group>"; };
		4D1D7DAA284218C600656CFB /* MenuTableViewCell1.swift */ = {isa = PBXFileReference; fileEncoding = 4; lastKnownFileType = sourcecode.swift; path = MenuTableViewCell1.swift; sourceTree = "<group>"; };
		4D1D7DAC2842191E00656CFB /* ViewController4.swift */ = {isa = PBXFileReference; lastKnownFileType = sourcecode.swift; path = ViewController4.swift; sourceTree = "<group>"; };
		4D446F4428364FB3003189C1 /* ProfileViewController1.swift */ = {isa = PBXFileReference; lastKnownFileType = sourcecode.swift; name = ProfileViewController1.swift; path = /Users/shubhammeher/AlertEm/AlertEm/ProfileViewController1.swift; sourceTree = "<absolute>"; };
		4DDA15D628350A0C00C6E506 /* SideMenuTableController1.swift */ = {isa = PBXFileReference; lastKnownFileType = sourcecode.swift; name = SideMenuTableController1.swift; path = /Users/shubhammeher/AlertEm/AlertEm/SideMenuTableController1.swift; sourceTree = "<absolute>"; };
		E8C262272833AE1800C28D8B /* contactsTvViewController.swift */ = {isa = PBXFileReference; lastKnownFileType = sourcecode.swift; path = contactsTvViewController.swift; sourceTree = "<group>"; };
		E8C262292833B02000C28D8B /* customTableViewCell.swift */ = {isa = PBXFileReference; lastKnownFileType = sourcecode.swift; path = customTableViewCell.swift; sourceTree = "<group>"; };
/* End PBXFileReference section */

/* Begin PBXFrameworksBuildPhase section */
		068A4F5327E76ED2004EB61D /* Frameworks */ = {
			isa = PBXFrameworksBuildPhase;
			buildActionMask = 2147483647;
			files = (
				4DA18B262840C13D00C3AD59 /* SideMenu in Frameworks */,
			);
			runOnlyForDeploymentPostprocessing = 0;
		};
/* End PBXFrameworksBuildPhase section */

/* Begin PBXGroup section */
		068A4F4D27E76ED2004EB61D = {
			isa = PBXGroup;
			children = (
				068A4F5827E76ED2004EB61D /* AlertEm */,
				068A4F5727E76ED2004EB61D /* Products */,
			);
			sourceTree = "<group>";
		};
		068A4F5727E76ED2004EB61D /* Products */ = {
			isa = PBXGroup;
			children = (
				068A4F5627E76ED2004EB61D /* AlertEm.app */,
			);
			name = Products;
			sourceTree = "<group>";
		};
		068A4F5827E76ED2004EB61D /* AlertEm */ = {
			isa = PBXGroup;
			children = (
				068A4F5927E76ED2004EB61D /* AppDelegate.swift */,
				068A4F5B27E76ED2004EB61D /* SceneDelegate.swift */,
				068A4F5D27E76ED2004EB61D /* ViewController.swift */,
				0625B86E27EE4A8C0094A90F /* OTPViewController.swift */,
				0694C61C27F475C700D663A3 /* OkayViewController.swift */,
				E8C262272833AE1800C28D8B /* contactsTvViewController.swift */,
				E8C262292833B02000C28D8B /* customTableViewCell.swift */,
				35CB9B63283265BF0066D98B /* sendLocationVC.swift */,
				4DDA15D628350A0C00C6E506 /* SideMenuTableController1.swift */,
				4D446F4428364FB3003189C1 /* ProfileViewController1.swift */,
				4D1D7DAA284218C600656CFB /* MenuTableViewCell1.swift */,
				4D1D7DAC2842191E00656CFB /* ViewController4.swift */,
				068A4F5F27E76ED2004EB61D /* Main.storyboard */,
				068A4F6227E76ED7004EB61D /* Assets.xcassets */,
				068A4F6427E76ED7004EB61D /* LaunchScreen.storyboard */,
				068A4F6727E76ED7004EB61D /* Info.plist */,
				35CB9B612832657D0066D98B /* loginViewController.swift */,
				35CB9B65283266170066D98B /* admin_GroupVC.swift */,
				069B75F8283391530026745A /* 2.jpg */,
			);
			path = AlertEm;
			sourceTree = "<group>";
		};
/* End PBXGroup section */

/* Begin PBXNativeTarget section */
		068A4F5527E76ED2004EB61D /* AlertEm */ = {
			isa = PBXNativeTarget;
			buildConfigurationList = 068A4F6A27E76ED7004EB61D /* Build configuration list for PBXNativeTarget "AlertEm" */;
			buildPhases = (
				068A4F5227E76ED2004EB61D /* Sources */,
				068A4F5327E76ED2004EB61D /* Frameworks */,
				068A4F5427E76ED2004EB61D /* Resources */,
			);
			buildRules = (
			);
			dependencies = (
			);
			name = AlertEm;
			packageProductDependencies = (
				4DA18B252840C13D00C3AD59 /* SideMenu */,
			);
			productName = AlertEm;
			productReference = 068A4F5627E76ED2004EB61D /* AlertEm.app */;
			productType = "com.apple.product-type.application";
		};
/* End PBXNativeTarget section */

/* Begin PBXProject section */
		068A4F4E27E76ED2004EB61D /* Project object */ = {
			isa = PBXProject;
			attributes = {
				BuildIndependentTargetsInParallel = 1;
				LastSwiftUpdateCheck = 1320;
				LastUpgradeCheck = 1320;
				TargetAttributes = {
					068A4F5527E76ED2004EB61D = {
						CreatedOnToolsVersion = 13.2.1;
					};
				};
			};
			buildConfigurationList = 068A4F5127E76ED2004EB61D /* Build configuration list for PBXProject "AlertEm" */;
			compatibilityVersion = "Xcode 13.0";
			developmentRegion = en;
			hasScannedForEncodings = 0;
			knownRegions = (
				en,
				Base,
			);
			mainGroup = 068A4F4D27E76ED2004EB61D;
			packageReferences = (
				4DA18B242840C13D00C3AD59 /* XCRemoteSwiftPackageReference "SideMenu" */,
			);
			productRefGroup = 068A4F5727E76ED2004EB61D /* Products */;
			projectDirPath = "";
			projectRoot = "";
			targets = (
				068A4F5527E76ED2004EB61D /* AlertEm */,
			);
		};
/* End PBXProject section */

/* Begin PBXResourcesBuildPhase section */
		068A4F5427E76ED2004EB61D /* Resources */ = {
			isa = PBXResourcesBuildPhase;
			buildActionMask = 2147483647;
			files = (
				068A4F6627E76ED7004EB61D /* LaunchScreen.storyboard in Resources */,
				068A4F6327E76ED7004EB61D /* Assets.xcassets in Resources */,
				069B75F9283391530026745A /* 2.jpg in Resources */,
				068A4F6127E76ED2004EB61D /* Main.storyboard in Resources */,
			);
			runOnlyForDeploymentPostprocessing = 0;
		};
/* End PBXResourcesBuildPhase section */

/* Begin PBXSourcesBuildPhase section */
		068A4F5227E76ED2004EB61D /* Sources */ = {
			isa = PBXSourcesBuildPhase;
			buildActionMask = 2147483647;
			files = (
				0625B86F27EE4A8C0094A90F /* OTPViewController.swift in Sources */,
				4D1D7DAD2842191E00656CFB /* ViewController4.swift in Sources */,
				4DDA15D728350A0C00C6E506 /* SideMenuTableController1.swift in Sources */,
				35CB9B64283265BF0066D98B /* sendLocationVC.swift in Sources */,
				4D1D7DAB284218C600656CFB /* MenuTableViewCell1.swift in Sources */,
				E8C2622A2833B02000C28D8B /* customTableViewCell.swift in Sources */,
				068A4F5E27E76ED2004EB61D /* ViewController.swift in Sources */,
				35CB9B622832657D0066D98B /* loginViewController.swift in Sources */,
				4D446F4528364FB3003189C1 /* ProfileViewController1.swift in Sources */,
				35CB9B66283266170066D98B /* admin_GroupVC.swift in Sources */,
				068A4F5A27E76ED2004EB61D /* AppDelegate.swift in Sources */,
				0694C61D27F475C700D663A3 /* OkayViewController.swift in Sources */,
				E8C262282833AE1800C28D8B /* contactsTvViewController.swift in Sources */,
				068A4F5C27E76ED2004EB61D /* SceneDelegate.swift in Sources */,
			);
			runOnlyForDeploymentPostprocessing = 0;
		};
/* End PBXSourcesBuildPhase section */

/* Begin PBXVariantGroup section */
		068A4F5F27E76ED2004EB61D /* Main.storyboard */ = {
			isa = PBXVariantGroup;
			children = (
				068A4F6027E76ED2004EB61D /* Base */,
			);
			name = Main.storyboard;
			sourceTree = "<group>";
		};
		068A4F6427E76ED7004EB61D /* LaunchScreen.storyboard */ = {
			isa = PBXVariantGroup;
			children = (
				068A4F6527E76ED7004EB61D /* Base */,
			);
			name = LaunchScreen.storyboard;
			sourceTree = "<group>";
		};
/* End PBXVariantGroup section */

/* Begin XCBuildConfiguration section */
		068A4F6827E76ED7004EB61D /* Debug */ = {
			isa = XCBuildConfiguration;
			buildSettings = {
				ALWAYS_SEARCH_USER_PATHS = NO;
				CLANG_ANALYZER_NONNULL = YES;
				CLANG_ANALYZER_NUMBER_OBJECT_CONVERSION = YES_AGGRESSIVE;
				CLANG_CXX_LANGUAGE_STANDARD = "gnu++17";
				CLANG_CXX_LIBRARY = "libc++";
				CLANG_ENABLE_MODULES = YES;
				CLANG_ENABLE_OBJC_ARC = YES;
				CLANG_ENABLE_OBJC_WEAK = YES;
				CLANG_WARN_BLOCK_CAPTURE_AUTORELEASING = YES;
				CLANG_WARN_BOOL_CONVERSION = YES;
				CLANG_WARN_COMMA = YES;
				CLANG_WARN_CONSTANT_CONVERSION = YES;
				CLANG_WARN_DEPRECATED_OBJC_IMPLEMENTATIONS = YES;
				CLANG_WARN_DIRECT_OBJC_ISA_USAGE = YES_ERROR;
				CLANG_WARN_DOCUMENTATION_COMMENTS = YES;
				CLANG_WARN_EMPTY_BODY = YES;
				CLANG_WARN_ENUM_CONVERSION = YES;
				CLANG_WARN_INFINITE_RECURSION = YES;
				CLANG_WARN_INT_CONVERSION = YES;
				CLANG_WARN_NON_LITERAL_NULL_CONVERSION = YES;
				CLANG_WARN_OBJC_IMPLICIT_RETAIN_SELF = YES;
				CLANG_WARN_OBJC_LITERAL_CONVERSION = YES;
				CLANG_WARN_OBJC_ROOT_CLASS = YES_ERROR;
				CLANG_WARN_QUOTED_INCLUDE_IN_FRAMEWORK_HEADER = YES;
				CLANG_WARN_RANGE_LOOP_ANALYSIS = YES;
				CLANG_WARN_STRICT_PROTOTYPES = YES;
				CLANG_WARN_SUSPICIOUS_MOVE = YES;
				CLANG_WARN_UNGUARDED_AVAILABILITY = YES_AGGRESSIVE;
				CLANG_WARN_UNREACHABLE_CODE = YES;
				CLANG_WARN__DUPLICATE_METHOD_MATCH = YES;
				COPY_PHASE_STRIP = NO;
				DEBUG_INFORMATION_FORMAT = dwarf;
				ENABLE_STRICT_OBJC_MSGSEND = YES;
				ENABLE_TESTABILITY = YES;
				GCC_C_LANGUAGE_STANDARD = gnu11;
				GCC_DYNAMIC_NO_PIC = NO;
				GCC_NO_COMMON_BLOCKS = YES;
				GCC_OPTIMIZATION_LEVEL = 0;
				GCC_PREPROCESSOR_DEFINITIONS = (
					"DEBUG=1",
					"$(inherited)",
				);
				GCC_WARN_64_TO_32_BIT_CONVERSION = YES;
				GCC_WARN_ABOUT_RETURN_TYPE = YES_ERROR;
				GCC_WARN_UNDECLARED_SELECTOR = YES;
				GCC_WARN_UNINITIALIZED_AUTOS = YES_AGGRESSIVE;
				GCC_WARN_UNUSED_FUNCTION = YES;
				GCC_WARN_UNUSED_VARIABLE = YES;
				IPHONEOS_DEPLOYMENT_TARGET = 15.2;
				MTL_ENABLE_DEBUG_INFO = INCLUDE_SOURCE;
				MTL_FAST_MATH = YES;
				ONLY_ACTIVE_ARCH = YES;
				SDKROOT = iphoneos;
				SWIFT_ACTIVE_COMPILATION_CONDITIONS = DEBUG;
				SWIFT_OPTIMIZATION_LEVEL = "-Onone";
			};
			name = Debug;
		};
		068A4F6927E76ED7004EB61D /* Release */ = {
			isa = XCBuildConfiguration;
			buildSettings = {
				ALWAYS_SEARCH_USER_PATHS = NO;
				CLANG_ANALYZER_NONNULL = YES;
				CLANG_ANALYZER_NUMBER_OBJECT_CONVERSION = YES_AGGRESSIVE;
				CLANG_CXX_LANGUAGE_STANDARD = "gnu++17";
				CLANG_CXX_LIBRARY = "libc++";
				CLANG_ENABLE_MODULES = YES;
				CLANG_ENABLE_OBJC_ARC = YES;
				CLANG_ENABLE_OBJC_WEAK = YES;
				CLANG_WARN_BLOCK_CAPTURE_AUTORELEASING = YES;
				CLANG_WARN_BOOL_CONVERSION = YES;
				CLANG_WARN_COMMA = YES;
				CLANG_WARN_CONSTANT_CONVERSION = YES;
				CLANG_WARN_DEPRECATED_OBJC_IMPLEMENTATIONS = YES;
				CLANG_WARN_DIRECT_OBJC_ISA_USAGE = YES_ERROR;
				CLANG_WARN_DOCUMENTATION_COMMENTS = YES;
				CLANG_WARN_EMPTY_BODY = YES;
				CLANG_WARN_ENUM_CONVERSION = YES;
				CLANG_WARN_INFINITE_RECURSION = YES;
				CLANG_WARN_INT_CONVERSION = YES;
				CLANG_WARN_NON_LITERAL_NULL_CONVERSION = YES;
				CLANG_WARN_OBJC_IMPLICIT_RETAIN_SELF = YES;
				CLANG_WARN_OBJC_LITERAL_CONVERSION = YES;
				CLANG_WARN_OBJC_ROOT_CLASS = YES_ERROR;
				CLANG_WARN_QUOTED_INCLUDE_IN_FRAMEWORK_HEADER = YES;
				CLANG_WARN_RANGE_LOOP_ANALYSIS = YES;
				CLANG_WARN_STRICT_PROTOTYPES = YES;
				CLANG_WARN_SUSPICIOUS_MOVE = YES;
				CLANG_WARN_UNGUARDED_AVAILABILITY = YES_AGGRESSIVE;
				CLANG_WARN_UNREACHABLE_CODE = YES;
				CLANG_WARN__DUPLICATE_METHOD_MATCH = YES;
				COPY_PHASE_STRIP = NO;
				DEBUG_INFORMATION_FORMAT = "dwarf-with-dsym";
				ENABLE_NS_ASSERTIONS = NO;
				ENABLE_STRICT_OBJC_MSGSEND = YES;
				GCC_C_LANGUAGE_STANDARD = gnu11;
				GCC_NO_COMMON_BLOCKS = YES;
				GCC_WARN_64_TO_32_BIT_CONVERSION = YES;
				GCC_WARN_ABOUT_RETURN_TYPE = YES_ERROR;
				GCC_WARN_UNDECLARED_SELECTOR = YES;
				GCC_WARN_UNINITIALIZED_AUTOS = YES_AGGRESSIVE;
				GCC_WARN_UNUSED_FUNCTION = YES;
				GCC_WARN_UNUSED_VARIABLE = YES;
				IPHONEOS_DEPLOYMENT_TARGET = 15.2;
				MTL_ENABLE_DEBUG_INFO = NO;
				MTL_FAST_MATH = YES;
				SDKROOT = iphoneos;
				SWIFT_COMPILATION_MODE = wholemodule;
				SWIFT_OPTIMIZATION_LEVEL = "-O";
				VALIDATE_PRODUCT = YES;
			};
			name = Release;
		};
		068A4F6B27E76ED7004EB61D /* Debug */ = {
			isa = XCBuildConfiguration;
			buildSettings = {
				ASSETCATALOG_COMPILER_APPICON_NAME = AppIcon;
				ASSETCATALOG_COMPILER_GLOBAL_ACCENT_COLOR_NAME = AccentColor;
				CODE_SIGN_STYLE = Automatic;
				CURRENT_PROJECT_VERSION = 1;
				DEVELOPMENT_TEAM = QE6MX92YZ5;
				GENERATE_INFOPLIST_FILE = YES;
				INFOPLIST_FILE = AlertEm/Info.plist;
				INFOPLIST_KEY_UIApplicationSupportsIndirectInputEvents = YES;
				INFOPLIST_KEY_UILaunchStoryboardName = LaunchScreen;
				INFOPLIST_KEY_UIMainStoryboardFile = Main;
				INFOPLIST_KEY_UISupportedInterfaceOrientations_iPad = "UIInterfaceOrientationPortrait UIInterfaceOrientationPortraitUpsideDown UIInterfaceOrientationLandscapeLeft UIInterfaceOrientationLandscapeRight";
				INFOPLIST_KEY_UISupportedInterfaceOrientations_iPhone = "UIInterfaceOrientationPortrait UIInterfaceOrientationLandscapeLeft UIInterfaceOrientationLandscapeRight";
				LD_RUNPATH_SEARCH_PATHS = (
					"$(inherited)",
					"@executable_path/Frameworks",
				);
				MARKETING_VERSION = 1.0;
				PRODUCT_BUNDLE_IDENTIFIER = com.HuzaifaGadiwala.AlertEm;
				PRODUCT_NAME = "$(TARGET_NAME)";
				SWIFT_EMIT_LOC_STRINGS = YES;
				SWIFT_VERSION = 5.0;
				TARGETED_DEVICE_FAMILY = "1,2";
			};
			name = Debug;
		};
		068A4F6C27E76ED7004EB61D /* Release */ = {
			isa = XCBuildConfiguration;
			buildSettings = {
				ASSETCATALOG_COMPILER_APPICON_NAME = AppIcon;
				ASSETCATALOG_COMPILER_GLOBAL_ACCENT_COLOR_NAME = AccentColor;
				CODE_SIGN_STYLE = Automatic;
				CURRENT_PROJECT_VERSION = 1;
				DEVELOPMENT_TEAM = QE6MX92YZ5;
				GENERATE_INFOPLIST_FILE = YES;
				INFOPLIST_FILE = AlertEm/Info.plist;
				INFOPLIST_KEY_UIApplicationSupportsIndirectInputEvents = YES;
				INFOPLIST_KEY_UILaunchStoryboardName = LaunchScreen;
				INFOPLIST_KEY_UIMainStoryboardFile = Main;
				INFOPLIST_KEY_UISupportedInterfaceOrientations_iPad = "UIInterfaceOrientationPortrait UIInterfaceOrientationPortraitUpsideDown UIInterfaceOrientationLandscapeLeft UIInterfaceOrientationLandscapeRight";
				INFOPLIST_KEY_UISupportedInterfaceOrientations_iPhone = "UIInterfaceOrientationPortrait UIInterfaceOrientationLandscapeLeft UIInterfaceOrientationLandscapeRight";
				LD_RUNPATH_SEARCH_PATHS = (
					"$(inherited)",
					"@executable_path/Frameworks",
				);
				MARKETING_VERSION = 1.0;
				PRODUCT_BUNDLE_IDENTIFIER = com.HuzaifaGadiwala.AlertEm;
				PRODUCT_NAME = "$(TARGET_NAME)";
				SWIFT_EMIT_LOC_STRINGS = YES;
				SWIFT_VERSION = 5.0;
				TARGETED_DEVICE_FAMILY = "1,2";
			};
			name = Release;
		};
/* End XCBuildConfiguration section */

/* Begin XCConfigurationList section */
		068A4F5127E76ED2004EB61D /* Build configuration list for PBXProject "AlertEm" */ = {
			isa = XCConfigurationList;
			buildConfigurations = (
				068A4F6827E76ED7004EB61D /* Debug */,
				068A4F6927E76ED7004EB61D /* Release */,
			);
			defaultConfigurationIsVisible = 0;
			defaultConfigurationName = Release;
		};
		068A4F6A27E76ED7004EB61D /* Build configuration list for PBXNativeTarget "AlertEm" */ = {
			isa = XCConfigurationList;
			buildConfigurations = (
				068A4F6B27E76ED7004EB61D /* Debug */,
				068A4F6C27E76ED7004EB61D /* Release */,
			);
			defaultConfigurationIsVisible = 0;
			defaultConfigurationName = Release;
		};
/* End XCConfigurationList section */

/* Begin XCRemoteSwiftPackageReference section */
		4DA18B242840C13D00C3AD59 /* XCRemoteSwiftPackageReference "SideMenu" */ = {
			isa = XCRemoteSwiftPackageReference;
			repositoryURL = "https://github.com/jonkykong/SideMenu.git";
			requirement = {
				branch = master;
				kind = branch;
			};
		};
/* End XCRemoteSwiftPackageReference section */

/* Begin XCSwiftPackageProductDependency section */
		4DA18B252840C13D00C3AD59 /* SideMenu */ = {
			isa = XCSwiftPackageProductDependency;
			package = 4DA18B242840C13D00C3AD59 /* XCRemoteSwiftPackageReference "SideMenu" */;
			productName = SideMenu;
		};
/* End XCSwiftPackageProductDependency section */
	};
	rootObject = 068A4F4E27E76ED2004EB61D /* Project object */;
}
